
Microsoft Visual Studio Solution File, Format Version 12.00
# Visual Studio 15
VisualStudioVersion = 15.0.27130.2036
MinimumVisualStudioVersion = 10.0.40219.1
Project("{FAE04EC0-301F-11D3-BF4B-00C04F79EFBC}") = "BoardGameEloCalculator", "BoardGameEloCalculator\BoardGameEloCalculator.csproj", "{CEACC38E-48C5-4A74-98B6-F55BA587625C}"
EndProject
Global
	GlobalSection(SolutionConfigurationPlatforms) = preSolution
		Debug|Any CPU = Debug|Any CPU
		Release|Any CPU = Release|Any CPU
	EndGlobalSection
	GlobalSection(ProjectConfigurationPlatforms) = postSolution
		{CEACC38E-48C5-4A74-98B6-F55BA587625C}.Debug|Any CPU.ActiveCfg = Debug|Any CPU
		{CEACC38E-48C5-4A74-98B6-F55BA587625C}.Debug|Any CPU.Build.0 = Debug|Any CPU
		{CEACC38E-48C5-4A74-98B6-F55BA587625C}.Release|Any CPU.ActiveCfg = Release|Any CPU
		{CEACC38E-48C5-4A74-98B6-F55BA587625C}.Release|Any CPU.Build.0 = Release|Any CPU
	EndGlobalSection
	GlobalSection(SolutionProperties) = preSolution
		HideSolutionNode = FALSE
	EndGlobalSection
	GlobalSection(ExtensibilityGlobals) = postSolution
		SolutionGuid = {660E6111-9053-419F-ACBB-6C75A2B2A7D5}
	EndGlobalSection
EndGlobal
